github.com/andygeiss/utils v0.11.10 h1:DetlrrjUE3xsyXr1GERLxv2FJbsGdqDhUBhv+buJ0kg=
github.com/andygeiss/utils v0.11.10/go.mod h1:Jatj6UsFNUMgf+9vPeMZ9il72nARlhMvc54r7AiPPiU=
github.com/buger/goterm v1.0.4 h1:Z9YvGmOih81P0FbVtEYTFF6YsSgxSUKEhf/f9bTMXbY=
github.com/buger/goterm v1.0.4/go.mod h1:HiFWV3xnkolgrBV3mY8m0X0Pumt4zg4QhbdOzQtB8tE=
github.com/gen2brain/raylib-go/raylib v0.0.0-20221204123137-d6b1dea578e9 h1:AOUfofrygUgRe5Ih6a9VTQjU2I+9eesX9Cx9muo4BR8=
github.com/gen2brain/raylib-go/raylib v0.0.0-20221204123137-d6b1dea578e9/go.mod h1:+NbsqGlEQqGqrsgJFF5Yj2dkvn0ML2SQb8RqM2hJsPU=
golang.org/x/sys v0.0.0-20210331175145-43e1dd70ce54 h1:rF3Ohx8DRyl8h2zw9qojyLHLhrJpEMgyPOImREEryf0=
golang.org/x/sys v0.0.0-20210331175145-43e1dd70ce54/go.mod h1:h1NjWce9XRLGQEsW7wpKNCjG9DtNlClVuFLEZdDNbEs=
